
Microsoft Visual Studio Solution File, Format Version 11.00
# Visual Studio 2010
Project("{FAE04EC0-301F-11D3-BF4B-00C04F79EFBC}") = "ADSDriver", "ADSDriver\ADSDriver.csproj", "{162C6876-3EB2-4001-8F27-4C66CACBB1EB}"
EndProject
Global
	GlobalSection(SolutionConfigurationPlatforms) = preSolution
		Debug|Any CPU = Debug|Any CPU
		Release|Any CPU = Release|Any CPU
	EndGlobalSection
	GlobalSection(ProjectConfigurationPlatforms) = postSolution
		{162C6876-3EB2-4001-8F27-4C66CACBB1EB}.Debug|Any CPU.ActiveCfg = Debug|Any CPU
		{162C6876-3EB2-4001-8F27-4C66CACBB1EB}.Debug|Any CPU.Build.0 = Debug|Any CPU
		{162C6876-3EB2-4001-8F27-4C66CACBB1EB}.Release|Any CPU.ActiveCfg = Release|Any CPU
		{162C6876-3EB2-4001-8F27-4C66CACBB1EB}.Release|Any CPU.Build.0 = Release|Any CPU
	EndGlobalSection
	GlobalSection(SolutionProperties) = preSolution
		HideSolutionNode = FALSE
	EndGlobalSection
EndGlobal
